// !$*UTF8*$!
{
	archiveVersion = 1;
	classes = {
	};
	objectVersion = 56;
	objects = {

/* Begin PBXBuildFile section */
		E8DFBB1A2AD05CD90059876D /* WeatherAppApp.swift in Sources */ = {isa = PBXBuildFile; fileRef = E8DFBB192AD05CD90059876D /* WeatherAppApp.swift */; };
		E8DFBB1C2AD05CD90059876D /* ContentView.swift in Sources */ = {isa = PBXBuildFile; fileRef = E8DFBB1B2AD05CD90059876D /* ContentView.swift */; };
		E8DFBB1E2AD05CDA0059876D /* Assets.xcassets in Resources */ = {isa = PBXBuildFile; fileRef = E8DFBB1D2AD05CDA0059876D /* Assets.xcassets */; };
		E8DFBB222AD05CDA0059876D /* Preview Assets.xcassets in Resources */ = {isa = PBXBuildFile; fileRef = E8DFBB212AD05CDA0059876D /* Preview Assets.xcassets */; };
		E8DFBB2C2AD05CDA0059876D /* WeatherAppTests.swift in Sources */ = {isa = PBXBuildFile; fileRef = E8DFBB2B2AD05CDA0059876D /* WeatherAppTests.swift */; };
		E8DFBB362AD05CDA0059876D /* WeatherAppUITests.swift in Sources */ = {isa = PBXBuildFile; fileRef = E8DFBB352AD05CDA0059876D /* WeatherAppUITests.swift */; };
		E8DFBB382AD05CDA0059876D /* WeatherAppUITestsLaunchTests.swift in Sources */ = {isa = PBXBuildFile; fileRef = E8DFBB372AD05CDA0059876D /* WeatherAppUITestsLaunchTests.swift */; };
		E8DFBB462AD05D8A0059876D /* LocationManager.swift in Sources */ = {isa = PBXBuildFile; fileRef = E8DFBB452AD05D8A0059876D /* LocationManager.swift */; };
		E8DFBB492AD05F9F0059876D /* WelcomeView.swift in Sources */ = {isa = PBXBuildFile; fileRef = E8DFBB482AD05F9F0059876D /* WelcomeView.swift */; };
		E8DFBB4B2AD062D40059876D /* LoadingView.swift in Sources */ = {isa = PBXBuildFile; fileRef = E8DFBB4A2AD062D40059876D /* LoadingView.swift */; };
		E8DFBB4D2AD06A260059876D /* WeatherManager.swift in Sources */ = {isa = PBXBuildFile; fileRef = E8DFBB4C2AD06A260059876D /* WeatherManager.swift */; };
		E8DFBB502AD073F40059876D /* WeatherView.swift in Sources */ = {isa = PBXBuildFile; fileRef = E8DFBB4F2AD073F40059876D /* WeatherView.swift */; };
		E8DFBB522AD0743F0059876D /* ModelData.swift in Sources */ = {isa = PBXBuildFile; fileRef = E8DFBB512AD0743F0059876D /* ModelData.swift */; };
		E8DFBB542AD074610059876D /* weatherData.json in Resources */ = {isa = PBXBuildFile; fileRef = E8DFBB532AD074610059876D /* weatherData.json */; };
		E8DFBB562AD076190059876D /* Extensions.swift in Sources */ = {isa = PBXBuildFile; fileRef = E8DFBB552AD076190059876D /* Extensions.swift */; };
		E8DFBB592AD07F760059876D /* WeatherRow.swift in Sources */ = {isa = PBXBuildFile; fileRef = E8DFBB582AD07F760059876D /* WeatherRow.swift */; };
/* End PBXBuildFile section */

/* Begin PBXContainerItemProxy section */
		E8DFBB282AD05CDA0059876D /* PBXContainerItemProxy */ = {
			isa = PBXContainerItemProxy;
			containerPortal = E8DFBB0E2AD05CD90059876D /* Project object */;
			proxyType = 1;
			remoteGlobalIDString = E8DFBB152AD05CD90059876D;
			remoteInfo = WeatherApp;
		};
		E8DFBB322AD05CDA0059876D /* PBXContainerItemProxy */ = {
			isa = PBXContainerItemProxy;
			containerPortal = E8DFBB0E2AD05CD90059876D /* Project object */;
			proxyType = 1;
			remoteGlobalIDString = E8DFBB152AD05CD90059876D;
			remoteInfo = WeatherApp;
		};
/* End PBXContainerItemProxy section */

/* Begin PBXFileReference section */
		E8DFBB162AD05CD90059876D /* WeatherApp.app */ = {isa = PBXFileReference; explicitFileType = wrapper.application; includeInIndex = 0; path = WeatherApp.app; sourceTree = BUILT_PRODUCTS_DIR; };
		E8DFBB192AD05CD90059876D /* WeatherAppApp.swift */ = {isa = PBXFileReference; lastKnownFileType = sourcecode.swift; path = WeatherAppApp.swift; sourceTree = "<group>"; };
		E8DFBB1B2AD05CD90059876D /* ContentView.swift */ = {isa = PBXFileReference; lastKnownFileType = sourcecode.swift; path = ContentView.swift; sourceTree = "<group>"; };
		E8DFBB1D2AD05CDA0059876D /* Assets.xcassets */ = {isa = PBXFileReference; lastKnownFileType = folder.assetcatalog; path = Assets.xcassets; sourceTree = "<group>"; };
		E8DFBB1F2AD05CDA0059876D /* WeatherApp.entitlements */ = {isa = PBXFileReference; lastKnownFileType = text.plist.entitlements; path = WeatherApp.entitlements; sourceTree = "<group>"; };
		E8DFBB212AD05CDA0059876D /* Preview Assets.xcassets */ = {isa = PBXFileReference; lastKnownFileType = folder.assetcatalog; path = "Preview Assets.xcassets"; sourceTree = "<group>"; };
		E8DFBB272AD05CDA0059876D /* WeatherAppTests.xctest */ = {isa = PBXFileReference; explicitFileType = wrapper.cfbundle; includeInIndex = 0; path = WeatherAppTests.xctest; sourceTree = BUILT_PRODUCTS_DIR; };
		E8DFBB2B2AD05CDA0059876D /* WeatherAppTests.swift */ = {isa = PBXFileReference; lastKnownFileType = sourcecode.swift; path = WeatherAppTests.swift; sourceTree = "<group>"; };
		E8DFBB312AD05CDA0059876D /* WeatherAppUITests.xctest */ = {isa = PBXFileReference; explicitFileType = wrapper.cfbundle; includeInIndex = 0; path = WeatherAppUITests.xctest; sourceTree = BUILT_PRODUCTS_DIR; };
		E8DFBB352AD05CDA0059876D /* WeatherAppUITests.swift */ = {isa = PBXFileReference; lastKnownFileType = sourcecode.swift; path = WeatherAppUITests.swift; sourceTree = "<group>"; };
		E8DFBB372AD05CDA0059876D /* WeatherAppUITestsLaunchTests.swift */ = {isa = PBXFileReference; lastKnownFileType = sourcecode.swift; path = WeatherAppUITestsLaunchTests.swift; sourceTree = "<group>"; };
		E8DFBB452AD05D8A0059876D /* LocationManager.swift */ = {isa = PBXFileReference; lastKnownFileType = sourcecode.swift; path = LocationManager.swift; sourceTree = "<group>"; };
		E8DFBB482AD05F9F0059876D /* WelcomeView.swift */ = {isa = PBXFileReference; lastKnownFileType = sourcecode.swift; path = WelcomeView.swift; sourceTree = "<group>"; };
		E8DFBB4A2AD062D40059876D /* LoadingView.swift */ = {isa = PBXFileReference; lastKnownFileType = sourcecode.swift; path = LoadingView.swift; sourceTree = "<group>"; };
		E8DFBB4C2AD06A260059876D /* WeatherManager.swift */ = {isa = PBXFileReference; lastKnownFileType = sourcecode.swift; path = WeatherManager.swift; sourceTree = "<group>"; };
		E8DFBB4E2AD06DA60059876D /* README.md */ = {isa = PBXFileReference; lastKnownFileType = net.daringfireball.markdown; path = README.md; sourceTree = "<group>"; };
		E8DFBB4F2AD073F40059876D /* WeatherView.swift */ = {isa = PBXFileReference; lastKnownFileType = sourcecode.swift; path = WeatherView.swift; sourceTree = "<group>"; };
		E8DFBB512AD0743F0059876D /* ModelData.swift */ = {isa = PBXFileReference; lastKnownFileType = sourcecode.swift; path = ModelData.swift; sourceTree = "<group>"; };
		E8DFBB532AD074610059876D /* weatherData.json */ = {isa = PBXFileReference; lastKnownFileType = text.json; path = weatherData.json; sourceTree = "<group>"; xcLanguageSpecificationIdentifier = xcode.lang.json; };
		E8DFBB552AD076190059876D /* Extensions.swift */ = {isa = PBXFileReference; lastKnownFileType = sourcecode.swift; path = Extensions.swift; sourceTree = "<group>"; };
		E8DFBB582AD07F760059876D /* WeatherRow.swift */ = {isa = PBXFileReference; lastKnownFileType = sourcecode.swift; path = WeatherRow.swift; sourceTree = "<group>"; };
/* End PBXFileReference section */

/* Begin PBXFrameworksBuildPhase section */
		E8DFBB132AD05CD90059876D /* Frameworks */ = {
			isa = PBXFrameworksBuildPhase;
			buildActionMask = 2147483647;
			files = (
			);
			runOnlyForDeploymentPostprocessing = 0;
		};
		E8DFBB242AD05CDA0059876D /* Frameworks */ = {
			isa = PBXFrameworksBuildPhase;
			buildActionMask = 2147483647;
			files = (
			);
			runOnlyForDeploymentPostprocessing = 0;
		};
		E8DFBB2E2AD05CDA0059876D /* Frameworks */ = {
			isa = PBXFrameworksBuildPhase;
			buildActionMask = 2147483647;
			files = (
			);
			runOnlyForDeploymentPostprocessing = 0;
		};
/* End PBXFrameworksBuildPhase section */

/* Begin PBXGroup section */
		E8DFBB0D2AD05CD90059876D = {
			isa = PBXGroup;
			children = (
				E8DFBB4E2AD06DA60059876D /* README.md */,
				E8DFBB182AD05CD90059876D /* WeatherApp */,
				E8DFBB2A2AD05CDA0059876D /* WeatherAppTests */,
				E8DFBB342AD05CDA0059876D /* WeatherAppUITests */,
				E8DFBB172AD05CD90059876D /* Products */,
			);
			sourceTree = "<group>";
		};
		E8DFBB172AD05CD90059876D /* Products */ = {
			isa = PBXGroup;
			children = (
				E8DFBB162AD05CD90059876D /* WeatherApp.app */,
				E8DFBB272AD05CDA0059876D /* WeatherAppTests.xctest */,
				E8DFBB312AD05CDA0059876D /* WeatherAppUITests.xctest */,
			);
			name = Products;
			sourceTree = "<group>";
		};
		E8DFBB182AD05CD90059876D /* WeatherApp */ = {
			isa = PBXGroup;
			children = (
				E8DFBB572AD07F630059876D /* Components */,
				E8DFBB472AD05F2A0059876D /* Views */,
				E8DFBB442AD05D780059876D /* Managers */,
				E8DFBB192AD05CD90059876D /* WeatherAppApp.swift */,
				E8DFBB1D2AD05CDA0059876D /* Assets.xcassets */,
				E8DFBB1F2AD05CDA0059876D /* WeatherApp.entitlements */,
				E8DFBB202AD05CDA0059876D /* Preview Content */,
				E8DFBB552AD076190059876D /* Extensions.swift */,
			);
			path = WeatherApp;
			sourceTree = "<group>";
		};
		E8DFBB202AD05CDA0059876D /* Preview Content */ = {
			isa = PBXGroup;
			children = (
				E8DFBB212AD05CDA0059876D /* Preview Assets.xcassets */,
				E8DFBB512AD0743F0059876D /* ModelData.swift */,
				E8DFBB532AD074610059876D /* weatherData.json */,
			);
			path = "Preview Content";
			sourceTree = "<group>";
		};
		E8DFBB2A2AD05CDA0059876D /* WeatherAppTests */ = {
			isa = PBXGroup;
			children = (
				E8DFBB2B2AD05CDA0059876D /* WeatherAppTests.swift */,
			);
			path = WeatherAppTests;
			sourceTree = "<group>";
		};
		E8DFBB342AD05CDA0059876D /* WeatherAppUITests */ = {
			isa = PBXGroup;
			children = (
				E8DFBB352AD05CDA0059876D /* WeatherAppUITests.swift */,
				E8DFBB372AD05CDA0059876D /* WeatherAppUITestsLaunchTests.swift */,
			);
			path = WeatherAppUITests;
			sourceTree = "<group>";
		};
		E8DFBB442AD05D780059876D /* Managers */ = {
			isa = PBXGroup;
			children = (
				E8DFBB452AD05D8A0059876D /* LocationManager.swift */,
				E8DFBB4C2AD06A260059876D /* WeatherManager.swift */,
			);
			path = Managers;
			sourceTree = "<group>";
		};
		E8DFBB472AD05F2A0059876D /* Views */ = {
			isa = PBXGroup;
			children = (
				E8DFBB1B2AD05CD90059876D /* ContentView.swift */,
				E8DFBB482AD05F9F0059876D /* WelcomeView.swift */,
				E8DFBB4A2AD062D40059876D /* LoadingView.swift */,
				E8DFBB4F2AD073F40059876D /* WeatherView.swift */,
			);
			path = Views;
			sourceTree = "<group>";
		};
		E8DFBB572AD07F630059876D /* Components */ = {
			isa = PBXGroup;
			children = (
				E8DFBB582AD07F760059876D /* WeatherRow.swift */,
			);
			path = Components;
			sourceTree = "<group>";
		};
/* End PBXGroup section */

/* Begin PBXNativeTarget section */
		E8DFBB152AD05CD90059876D /* WeatherApp */ = {
			isa = PBXNativeTarget;
			buildConfigurationList = E8DFBB3B2AD05CDA0059876D /* Build configuration list for PBXNativeTarget "WeatherApp" */;
			buildPhases = (
				E8DFBB122AD05CD90059876D /* Sources */,
				E8DFBB132AD05CD90059876D /* Frameworks */,
				E8DFBB142AD05CD90059876D /* Resources */,
			);
			buildRules = (
			);
			dependencies = (
			);
			name = WeatherApp;
			productName = WeatherApp;
			productReference = E8DFBB162AD05CD90059876D /* WeatherApp.app */;
			productType = "com.apple.product-type.application";
		};
		E8DFBB262AD05CDA0059876D /* WeatherAppTests */ = {
			isa = PBXNativeTarget;
			buildConfigurationList = E8DFBB3E2AD05CDA0059876D /* Build configuration list for PBXNativeTarget "WeatherAppTests" */;
			buildPhases = (
				E8DFBB232AD05CDA0059876D /* Sources */,
				E8DFBB242AD05CDA0059876D /* Frameworks */,
				E8DFBB252AD05CDA0059876D /* Resources */,
			);
			buildRules = (
			);
			dependencies = (
				E8DFBB292AD05CDA0059876D /* PBXTargetDependency */,
			);
			name = WeatherAppTests;
			productName = WeatherAppTests;
			productReference = E8DFBB272AD05CDA0059876D /* WeatherAppTests.xctest */;
			productType = "com.apple.product-type.bundle.unit-test";
		};
		E8DFBB302AD05CDA0059876D /* WeatherAppUITests */ = {
			isa = PBXNativeTarget;
			buildConfigurationList = E8DFBB412AD05CDA0059876D /* Build configuration list for PBXNativeTarget "WeatherAppUITests" */;
			buildPhases = (
				E8DFBB2D2AD05CDA0059876D /* Sources */,
				E8DFBB2E2AD05CDA0059876D /* Frameworks */,
				E8DFBB2F2AD05CDA0059876D /* Resources */,
			);
			buildRules = (
			);
			dependencies = (
				E8DFBB332AD05CDA0059876D /* PBXTargetDependency */,
			);
			name = WeatherAppUITests;
			productName = WeatherAppUITests;
			productReference = E8DFBB312AD05CDA0059876D /* WeatherAppUITests.xctest */;
			productType = "com.apple.product-type.bundle.ui-testing";
		};
/* End PBXNativeTarget section */

/* Begin PBXProject section */
		E8DFBB0E2AD05CD90059876D /* Project object */ = {
			isa = PBXProject;
			attributes = {
				BuildIndependentTargetsInParallel = 1;
				LastSwiftUpdateCheck = 1500;
				LastUpgradeCheck = 1500;
				TargetAttributes = {
					E8DFBB152AD05CD90059876D = {
						CreatedOnToolsVersion = 15.0;
					};
					E8DFBB262AD05CDA0059876D = {
						CreatedOnToolsVersion = 15.0;
						TestTargetID = E8DFBB152AD05CD90059876D;
					};
					E8DFBB302AD05CDA0059876D = {
						CreatedOnToolsVersion = 15.0;
						TestTargetID = E8DFBB152AD05CD90059876D;
					};
				};
			};
			buildConfigurationList = E8DFBB112AD05CD90059876D /* Build configuration list for PBXProject "WeatherApp" */;
			compatibilityVersion = "Xcode 14.0";
			developmentRegion = en;
			hasScannedForEncodings = 0;
			knownRegions = (
				en,
				Base,
			);
			mainGroup = E8DFBB0D2AD05CD90059876D;
			productRefGroup = E8DFBB172AD05CD90059876D /* Products */;
			projectDirPath = "";
			projectRoot = "";
			targets = (
				E8DFBB152AD05CD90059876D /* WeatherApp */,
				E8DFBB262AD05CDA0059876D /* WeatherAppTests */,
				E8DFBB302AD05CDA0059876D /* WeatherAppUITests */,
			);
		};
/* End PBXProject section */

/* Begin PBXResourcesBuildPhase section */
		E8DFBB142AD05CD90059876D /* Resources */ = {
			isa = PBXResourcesBuildPhase;
			buildActionMask = 2147483647;
			files = (
				E8DFBB222AD05CDA0059876D /* Preview Assets.xcassets in Resources */,
				E8DFBB542AD074610059876D /* weatherData.json in Resources */,
				E8DFBB1E2AD05CDA0059876D /* Assets.xcassets in Resources */,
			);
			runOnlyForDeploymentPostprocessing = 0;
		};
		E8DFBB252AD05CDA0059876D /* Resources */ = {
			isa = PBXResourcesBuildPhase;
			buildActionMask = 2147483647;
			files = (
			);
			runOnlyForDeploymentPostprocessing = 0;
		};
		E8DFBB2F2AD05CDA0059876D /* Resources */ = {
			isa = PBXResourcesBuildPhase;
			buildActionMask = 2147483647;
			files = (
			);
			runOnlyForDeploymentPostprocessing = 0;
		};
/* End PBXResourcesBuildPhase section */

/* Begin PBXSourcesBuildPhase section */
		E8DFBB122AD05CD90059876D /* Sources */ = {
			isa = PBXSourcesBuildPhase;
			buildActionMask = 2147483647;
			files = (
				E8DFBB4D2AD06A260059876D /* WeatherManager.swift in Sources */,
				E8DFBB562AD076190059876D /* Extensions.swift in Sources */,
				E8DFBB1C2AD05CD90059876D /* ContentView.swift in Sources */,
				E8DFBB1A2AD05CD90059876D /* WeatherAppApp.swift in Sources */,
				E8DFBB462AD05D8A0059876D /* LocationManager.swift in Sources */,
				E8DFBB592AD07F760059876D /* WeatherRow.swift in Sources */,
				E8DFBB4B2AD062D40059876D /* LoadingView.swift in Sources */,
				E8DFBB522AD0743F0059876D /* ModelData.swift in Sources */,
				E8DFBB502AD073F40059876D /* WeatherView.swift in Sources */,
				E8DFBB492AD05F9F0059876D /* WelcomeView.swift in Sources */,
			);
			runOnlyForDeploymentPostprocessing = 0;
		};
		E8DFBB232AD05CDA0059876D /* Sources */ = {
			isa = PBXSourcesBuildPhase;
			buildActionMask = 2147483647;
			files = (
				E8DFBB2C2AD05CDA0059876D /* WeatherAppTests.swift in Sources */,
			);
			runOnlyForDeploymentPostprocessing = 0;
		};
		E8DFBB2D2AD05CDA0059876D /* Sources */ = {
			isa = PBXSourcesBuildPhase;
			buildActionMask = 2147483647;
			files = (
				E8DFBB362AD05CDA0059876D /* WeatherAppUITests.swift in Sources */,
				E8DFBB382AD05CDA0059876D /* WeatherAppUITestsLaunchTests.swift in Sources */,
			);
			runOnlyForDeploymentPostprocessing = 0;
		};
/* End PBXSourcesBuildPhase section */

/* Begin PBXTargetDependency section */
		E8DFBB292AD05CDA0059876D /* PBXTargetDependency */ = {
			isa = PBXTargetDependency;
			target = E8DFBB152AD05CD90059876D /* WeatherApp */;
			targetProxy = E8DFBB282AD05CDA0059876D /* PBXContainerItemProxy */;
		};
		E8DFBB332AD05CDA0059876D /* PBXTargetDependency */ = {
			isa = PBXTargetDependency;
			target = E8DFBB152AD05CD90059876D /* WeatherApp */;
			targetProxy = E8DFBB322AD05CDA0059876D /* PBXContainerItemProxy */;
		};
/* End PBXTargetDependency section */

/* Begin XCBuildConfiguration section */
		E8DFBB392AD05CDA0059876D /* Debug */ = {
			isa = XCBuildConfiguration;
			buildSettings = {
				ALWAYS_SEARCH_USER_PATHS = NO;
				ASSETCATALOG_COMPILER_GENERATE_SWIFT_ASSET_SYMBOL_EXTENSIONS = YES;
				CLANG_ANALYZER_NONNULL = YES;
				CLANG_ANALYZER_NUMBER_OBJECT_CONVERSION = YES_AGGRESSIVE;
				CLANG_CXX_LANGUAGE_STANDARD = "gnu++20";
				CLANG_ENABLE_MODULES = YES;
				CLANG_ENABLE_OBJC_ARC = YES;
				CLANG_ENABLE_OBJC_WEAK = YES;
				CLANG_WARN_BLOCK_CAPTURE_AUTORELEASING = YES;
				CLANG_WARN_BOOL_CONVERSION = YES;
				CLANG_WARN_COMMA = YES;
				CLANG_WARN_CONSTANT_CONVERSION = YES;
				CLANG_WARN_DEPRECATED_OBJC_IMPLEMENTATIONS = YES;
				CLANG_WARN_DIRECT_OBJC_ISA_USAGE = YES_ERROR;
				CLANG_WARN_DOCUMENTATION_COMMENTS = YES;
				CLANG_WARN_EMPTY_BODY = YES;
				CLANG_WARN_ENUM_CONVERSION = YES;
				CLANG_WARN_INFINITE_RECURSION = YES;
				CLANG_WARN_INT_CONVERSION = YES;
				CLANG_WARN_NON_LITERAL_NULL_CONVERSION = YES;
				CLANG_WARN_OBJC_IMPLICIT_RETAIN_SELF = YES;
				CLANG_WARN_OBJC_LITERAL_CONVERSION = YES;
				CLANG_WARN_OBJC_ROOT_CLASS = YES_ERROR;
				CLANG_WARN_QUOTED_INCLUDE_IN_FRAMEWORK_HEADER = YES;
				CLANG_WARN_RANGE_LOOP_ANALYSIS = YES;
				CLANG_WARN_STRICT_PROTOTYPES = YES;
				CLANG_WARN_SUSPICIOUS_MOVE = YES;
				CLANG_WARN_UNGUARDED_AVAILABILITY = YES_AGGRESSIVE;
				CLANG_WARN_UNREACHABLE_CODE = YES;
				CLANG_WARN__DUPLICATE_METHOD_MATCH = YES;
				COPY_PHASE_STRIP = NO;
				DEBUG_INFORMATION_FORMAT = dwarf;
				ENABLE_STRICT_OBJC_MSGSEND = YES;
				ENABLE_TESTABILITY = YES;
				ENABLE_USER_SCRIPT_SANDBOXING = YES;
				GCC_C_LANGUAGE_STANDARD = gnu17;
				GCC_DYNAMIC_NO_PIC = NO;
				GCC_NO_COMMON_BLOCKS = YES;
				GCC_OPTIMIZATION_LEVEL = 0;
				GCC_PREPROCESSOR_DEFINITIONS = (
					"DEBUG=1",
					"$(inherited)",
				);
				GCC_WARN_64_TO_32_BIT_CONVERSION = YES;
				GCC_WARN_ABOUT_RETURN_TYPE = YES_ERROR;
				GCC_WARN_UNDECLARED_SELECTOR = YES;
				GCC_WARN_UNINITIALIZED_AUTOS = YES_AGGRESSIVE;
				GCC_WARN_UNUSED_FUNCTION = YES;
				GCC_WARN_UNUSED_VARIABLE = YES;
				LOCALIZATION_PREFERS_STRING_CATALOGS = YES;
				MTL_ENABLE_DEBUG_INFO = INCLUDE_SOURCE;
				MTL_FAST_MATH = YES;
				ONLY_ACTIVE_ARCH = YES;
				SWIFT_ACTIVE_COMPILATION_CONDITIONS = "DEBUG $(inherited)";
				SWIFT_OPTIMIZATION_LEVEL = "-Onone";
			};
			name = Debug;
		};
		E8DFBB3A2AD05CDA0059876D /* Release */ = {
			isa = XCBuildConfiguration;
			buildSettings = {
				ALWAYS_SEARCH_USER_PATHS = NO;
				ASSETCATALOG_COMPILER_GENERATE_SWIFT_ASSET_SYMBOL_EXTENSIONS = YES;
				CLANG_ANALYZER_NONNULL = YES;
				CLANG_ANALYZER_NUMBER_OBJECT_CONVERSION = YES_AGGRESSIVE;
				CLANG_CXX_LANGUAGE_STANDARD = "gnu++20";
				CLANG_ENABLE_MODULES = YES;
				CLANG_ENABLE_OBJC_ARC = YES;
				CLANG_ENABLE_OBJC_WEAK = YES;
				CLANG_WARN_BLOCK_CAPTURE_AUTORELEASING = YES;
				CLANG_WARN_BOOL_CONVERSION = YES;
				CLANG_WARN_COMMA = YES;
				CLANG_WARN_CONSTANT_CONVERSION = YES;
				CLANG_WARN_DEPRECATED_OBJC_IMPLEMENTATIONS = YES;
				CLANG_WARN_DIRECT_OBJC_ISA_USAGE = YES_ERROR;
				CLANG_WARN_DOCUMENTATION_COMMENTS = YES;
				CLANG_WARN_EMPTY_BODY = YES;
				CLANG_WARN_ENUM_CONVERSION = YES;
				CLANG_WARN_INFINITE_RECURSION = YES;
				CLANG_WARN_INT_CONVERSION = YES;
				CLANG_WARN_NON_LITERAL_NULL_CONVERSION = YES;
				CLANG_WARN_OBJC_IMPLICIT_RETAIN_SELF = YES;
				CLANG_WARN_OBJC_LITERAL_CONVERSION = YES;
				CLANG_WARN_OBJC_ROOT_CLASS = YES_ERROR;
				CLANG_WARN_QUOTED_INCLUDE_IN_FRAMEWORK_HEADER = YES;
				CLANG_WARN_RANGE_LOOP_ANALYSIS = YES;
				CLANG_WARN_STRICT_PROTOTYPES = YES;
				CLANG_WARN_SUSPICIOUS_MOVE = YES;
				CLANG_WARN_UNGUARDED_AVAILABILITY = YES_AGGRESSIVE;
				CLANG_WARN_UNREACHABLE_CODE = YES;
				CLANG_WARN__DUPLICATE_METHOD_MATCH = YES;
				COPY_PHASE_STRIP = NO;
				DEBUG_INFORMATION_FORMAT = "dwarf-with-dsym";
				ENABLE_NS_ASSERTIONS = NO;
				ENABLE_STRICT_OBJC_MSGSEND = YES;
				ENABLE_USER_SCRIPT_SANDBOXING = YES;
				GCC_C_LANGUAGE_STANDARD = gnu17;
				GCC_NO_COMMON_BLOCKS = YES;
				GCC_WARN_64_TO_32_BIT_CONVERSION = YES;
				GCC_WARN_ABOUT_RETURN_TYPE = YES_ERROR;
				GCC_WARN_UNDECLARED_SELECTOR = YES;
				GCC_WARN_UNINITIALIZED_AUTOS = YES_AGGRESSIVE;
				GCC_WARN_UNUSED_FUNCTION = YES;
				GCC_WARN_UNUSED_VARIABLE = YES;
				LOCALIZATION_PREFERS_STRING_CATALOGS = YES;
				MTL_ENABLE_DEBUG_INFO = NO;
				MTL_FAST_MATH = YES;
				SWIFT_COMPILATION_MODE = wholemodule;
			};
			name = Release;
		};
		E8DFBB3C2AD05CDA0059876D /* Debug */ = {
			isa = XCBuildConfiguration;
			buildSettings = {
				ASSETCATALOG_COMPILER_APPICON_NAME = AppIcon;
				ASSETCATALOG_COMPILER_GLOBAL_ACCENT_COLOR_NAME = AccentColor;
				CODE_SIGN_ENTITLEMENTS = WeatherApp/WeatherApp.entitlements;
				CODE_SIGN_STYLE = Automatic;
				CURRENT_PROJECT_VERSION = 1;
				DEVELOPMENT_ASSET_PATHS = "\"WeatherApp/Preview Content\"";
				DEVELOPMENT_TEAM = 8WWY5CQG7A;
				ENABLE_HARDENED_RUNTIME = YES;
				ENABLE_PREVIEWS = YES;
				GENERATE_INFOPLIST_FILE = YES;
				"INFOPLIST_KEY_UIApplicationSceneManifest_Generation[sdk=iphoneos*]" = YES;
				"INFOPLIST_KEY_UIApplicationSceneManifest_Generation[sdk=iphonesimulator*]" = YES;
				"INFOPLIST_KEY_UIApplicationSupportsIndirectInputEvents[sdk=iphoneos*]" = YES;
				"INFOPLIST_KEY_UIApplicationSupportsIndirectInputEvents[sdk=iphonesimulator*]" = YES;
				"INFOPLIST_KEY_UILaunchScreen_Generation[sdk=iphoneos*]" = YES;
				"INFOPLIST_KEY_UILaunchScreen_Generation[sdk=iphonesimulator*]" = YES;
				"INFOPLIST_KEY_UIStatusBarStyle[sdk=iphoneos*]" = UIStatusBarStyleDefault;
				"INFOPLIST_KEY_UIStatusBarStyle[sdk=iphonesimulator*]" = UIStatusBarStyleDefault;
				INFOPLIST_KEY_UISupportedInterfaceOrientations_iPad = "UIInterfaceOrientationPortrait UIInterfaceOrientationPortraitUpsideDown UIInterfaceOrientationLandscapeLeft UIInterfaceOrientationLandscapeRight";
				INFOPLIST_KEY_UISupportedInterfaceOrientations_iPhone = "UIInterfaceOrientationPortrait UIInterfaceOrientationLandscapeLeft UIInterfaceOrientationLandscapeRight";
				IPHONEOS_DEPLOYMENT_TARGET = 16.0;
				LD_RUNPATH_SEARCH_PATHS = "@executable_path/Frameworks";
				"LD_RUNPATH_SEARCH_PATHS[sdk=macosx*]" = "@executable_path/../Frameworks";
				MACOSX_DEPLOYMENT_TARGET = 14.0;
				MARKETING_VERSION = 1.0;
				PRODUCT_BUNDLE_IDENTIFIER = com.elliepriestley.WeatherApp;
				PRODUCT_NAME = "$(TARGET_NAME)";
				SDKROOT = auto;
				SUPPORTED_PLATFORMS = "iphoneos iphonesimulator macosx";
				SWIFT_EMIT_LOC_STRINGS = YES;
				SWIFT_VERSION = 5.0;
				TARGETED_DEVICE_FAMILY = "1,2";
			};
			name = Debug;
		};
		E8DFBB3D2AD05CDA0059876D /* Release */ = {
			isa = XCBuildConfiguration;
			buildSettings = {
				ASSETCATALOG_COMPILER_APPICON_NAME = AppIcon;
				ASSETCATALOG_COMPILER_GLOBAL_ACCENT_COLOR_NAME = AccentColor;
				CODE_SIGN_ENTITLEMENTS = WeatherApp/WeatherApp.entitlements;
				CODE_SIGN_STYLE = Automatic;
				CURRENT_PROJECT_VERSION = 1;
				DEVELOPMENT_ASSET_PATHS = "\"WeatherApp/Preview Content\"";
				DEVELOPMENT_TEAM = 8WWY5CQG7A;
				ENABLE_HARDENED_RUNTIME = YES;
				ENABLE_PREVIEWS = YES;
				GENERATE_INFOPLIST_FILE = YES;
				"INFOPLIST_KEY_UIApplicationSceneManifest_Generation[sdk=iphoneos*]" = YES;
				"INFOPLIST_KEY_UIApplicationSceneManifest_Generation[sdk=iphonesimulator*]" = YES;
				"INFOPLIST_KEY_UIApplicationSupportsIndirectInputEvents[sdk=iphoneos*]" = YES;
				"INFOPLIST_KEY_UIApplicationSupportsIndirectInputEvents[sdk=iphonesimulator*]" = YES;
				"INFOPLIST_KEY_UILaunchScreen_Generation[sdk=iphoneos*]" = YES;
				"INFOPLIST_KEY_UILaunchScreen_Generation[sdk=iphonesimulator*]" = YES;
				"INFOPLIST_KEY_UIStatusBarStyle[sdk=iphoneos*]" = UIStatusBarStyleDefault;
				"INFOPLIST_KEY_UIStatusBarStyle[sdk=iphonesimulator*]" = UIStatusBarStyleDefault;
				INFOPLIST_KEY_UISupportedInterfaceOrientations_iPad = "UIInterfaceOrientationPortrait UIInterfaceOrientationPortraitUpsideDown UIInterfaceOrientationLandscapeLeft UIInterfaceOrientationLandscapeRight";
				INFOPLIST_KEY_UISupportedInterfaceOrientations_iPhone = "UIInterfaceOrientationPortrait UIInterfaceOrientationLandscapeLeft UIInterfaceOrientationLandscapeRight";
				IPHONEOS_DEPLOYMENT_TARGET = 16.0;
				LD_RUNPATH_SEARCH_PATHS = "@executable_path/Frameworks";
				"LD_RUNPATH_SEARCH_PATHS[sdk=macosx*]" = "@executable_path/../Frameworks";
				MACOSX_DEPLOYMENT_TARGET = 14.0;
				MARKETING_VERSION = 1.0;
				PRODUCT_BUNDLE_IDENTIFIER = com.elliepriestley.WeatherApp;
				PRODUCT_NAME = "$(TARGET_NAME)";
				SDKROOT = auto;
				SUPPORTED_PLATFORMS = "iphoneos iphonesimulator macosx";
				SWIFT_EMIT_LOC_STRINGS = YES;
				SWIFT_VERSION = 5.0;
				TARGETED_DEVICE_FAMILY = "1,2";
			};
			name = Release;
		};
		E8DFBB3F2AD05CDA0059876D /* Debug */ = {
			isa = XCBuildConfiguration;
			buildSettings = {
				ALWAYS_EMBED_SWIFT_STANDARD_LIBRARIES = YES;
				BUNDLE_LOADER = "$(TEST_HOST)";
				CODE_SIGN_STYLE = Automatic;
				CURRENT_PROJECT_VERSION = 1;
				DEVELOPMENT_TEAM = 8WWY5CQG7A;
				GENERATE_INFOPLIST_FILE = YES;
				IPHONEOS_DEPLOYMENT_TARGET = 17.0;
				MACOSX_DEPLOYMENT_TARGET = 14.0;
				MARKETING_VERSION = 1.0;
				PRODUCT_BUNDLE_IDENTIFIER = com.elliepriestley.WeatherAppTests;
				PRODUCT_NAME = "$(TARGET_NAME)";
				SDKROOT = auto;
				SUPPORTED_PLATFORMS = "iphoneos iphonesimulator macosx";
				SWIFT_EMIT_LOC_STRINGS = NO;
				SWIFT_VERSION = 5.0;
				TARGETED_DEVICE_FAMILY = "1,2";
				TEST_HOST = "$(BUILT_PRODUCTS_DIR)/WeatherApp.app/$(BUNDLE_EXECUTABLE_FOLDER_PATH)/WeatherApp";
			};
			name = Debug;
		};
		E8DFBB402AD05CDA0059876D /* Release */ = {
			isa = XCBuildConfiguration;
			buildSettings = {
				ALWAYS_EMBED_SWIFT_STANDARD_LIBRARIES = YES;
				BUNDLE_LOADER = "$(TEST_HOST)";
				CODE_SIGN_STYLE = Automatic;
				CURRENT_PROJECT_VERSION = 1;
				DEVELOPMENT_TEAM = 8WWY5CQG7A;
				GENERATE_INFOPLIST_FILE = YES;
				IPHONEOS_DEPLOYMENT_TARGET = 17.0;
				MACOSX_DEPLOYMENT_TARGET = 14.0;
				MARKETING_VERSION = 1.0;
				PRODUCT_BUNDLE_IDENTIFIER = com.elliepriestley.WeatherAppTests;
				PRODUCT_NAME = "$(TARGET_NAME)";
				SDKROOT = auto;
				SUPPORTED_PLATFORMS = "iphoneos iphonesimulator macosx";
				SWIFT_EMIT_LOC_STRINGS = NO;
				SWIFT_VERSION = 5.0;
				TARGETED_DEVICE_FAMILY = "1,2";
				TEST_HOST = "$(BUILT_PRODUCTS_DIR)/WeatherApp.app/$(BUNDLE_EXECUTABLE_FOLDER_PATH)/WeatherApp";
			};
			name = Release;
		};
		E8DFBB422AD05CDA0059876D /* Debug */ = {
			isa = XCBuildConfiguration;
			buildSettings = {
				ALWAYS_EMBED_SWIFT_STANDARD_LIBRARIES = YES;
				CODE_SIGN_STYLE = Automatic;
				CURRENT_PROJECT_VERSION = 1;
				DEVELOPMENT_TEAM = 8WWY5CQG7A;
				GENERATE_INFOPLIST_FILE = YES;
				IPHONEOS_DEPLOYMENT_TARGET = 17.0;
				MACOSX_DEPLOYMENT_TARGET = 14.0;
				MARKETING_VERSION = 1.0;
				PRODUCT_BUNDLE_IDENTIFIER = com.elliepriestley.WeatherAppUITests;
				PRODUCT_NAME = "$(TARGET_NAME)";
				SDKROOT = auto;
				SUPPORTED_PLATFORMS = "iphoneos iphonesimulator macosx";
				SWIFT_EMIT_LOC_STRINGS = NO;
				SWIFT_VERSION = 5.0;
				TARGETED_DEVICE_FAMILY = "1,2";
				TEST_TARGET_NAME = WeatherApp;
			};
			name = Debug;
		};
		E8DFBB432AD05CDA0059876D /* Release */ = {
			isa = XCBuildConfiguration;
			buildSettings = {
				ALWAYS_EMBED_SWIFT_STANDARD_LIBRARIES = YES;
				CODE_SIGN_STYLE = Automatic;
				CURRENT_PROJECT_VERSION = 1;
				DEVELOPMENT_TEAM = 8WWY5CQG7A;
				GENERATE_INFOPLIST_FILE = YES;
				IPHONEOS_DEPLOYMENT_TARGET = 17.0;
				MACOSX_DEPLOYMENT_TARGET = 14.0;
				MARKETING_VERSION = 1.0;
				PRODUCT_BUNDLE_IDENTIFIER = com.elliepriestley.WeatherAppUITests;
				PRODUCT_NAME = "$(TARGET_NAME)";
				SDKROOT = auto;
				SUPPORTED_PLATFORMS = "iphoneos iphonesimulator macosx";
				SWIFT_EMIT_LOC_STRINGS = NO;
				SWIFT_VERSION = 5.0;
				TARGETED_DEVICE_FAMILY = "1,2";
				TEST_TARGET_NAME = WeatherApp;
			};
			name = Release;
		};
/* End XCBuildConfiguration section */

/* Begin XCConfigurationList section */
		E8DFBB112AD05CD90059876D /* Build configuration list for PBXProject "WeatherApp" */ = {
			isa = XCConfigurationList;
			buildConfigurations = (
				E8DFBB392AD05CDA0059876D /* Debug */,
				E8DFBB3A2AD05CDA0059876D /* Release */,
			);
			defaultConfigurationIsVisible = 0;
			defaultConfigurationName = Release;
		};
		E8DFBB3B2AD05CDA0059876D /* Build configuration list for PBXNativeTarget "WeatherApp" */ = {
			isa = XCConfigurationList;
			buildConfigurations = (
				E8DFBB3C2AD05CDA0059876D /* Debug */,
				E8DFBB3D2AD05CDA0059876D /* Release */,
			);
			defaultConfigurationIsVisible = 0;
			defaultConfigurationName = Release;
		};
		E8DFBB3E2AD05CDA0059876D /* Build configuration list for PBXNativeTarget "WeatherAppTests" */ = {
			isa = XCConfigurationList;
			buildConfigurations = (
				E8DFBB3F2AD05CDA0059876D /* Debug */,
				E8DFBB402AD05CDA0059876D /* Release */,
			);
			defaultConfigurationIsVisible = 0;
			defaultConfigurationName = Release;
		};
		E8DFBB412AD05CDA0059876D /* Build configuration list for PBXNativeTarget "WeatherAppUITests" */ = {
			isa = XCConfigurationList;
			buildConfigurations = (
				E8DFBB422AD05CDA0059876D /* Debug */,
				E8DFBB432AD05CDA0059876D /* Release */,
			);
			defaultConfigurationIsVisible = 0;
			defaultConfigurationName = Release;
		};
/* End XCConfigurationList section */
	};
	rootObject = E8DFBB0E2AD05CD90059876D /* Project object */;
}
